
Microsoft Visual Studio Solution File, Format Version 12.00
# Visual Studio Version 16
VisualStudioVersion = 16.0.30128.74
MinimumVisualStudioVersion = 10.0.40219.1
Project("{8BC9CEB8-8B4A-11D0-8D11-00A0C91BC942}") = "EventServer", "EvemntServer\EvemntServer.vcxproj", "{BB9FA86E-800A-4241-AADA-077D708F1746}"
EndProject
Project("{8BC9CEB8-8B4A-11D0-8D11-00A0C91BC942}") = "TcpClient", "TcpClient\TcpClient.vcxproj", "{03823FFD-CCA2-462F-B282-9D35AF4F8A56}"
EndProject
Project("{8BC9CEB8-8B4A-11D0-8D11-00A0C91BC942}") = "EventServer2", "EventServer2\EventServer2.vcxproj", "{2EB8E797-6EE6-4970-AE72-6ECD7B12D2C7}"
EndProject
Project("{8BC9CEB8-8B4A-11D0-8D11-00A0C91BC942}") = "Stop", "Stop\Stop.vcxproj", "{2E015376-2EA4-4DF4-BE6A-4AD8D3989FC8}"
EndProject
Project("{8BC9CEB8-8B4A-11D0-8D11-00A0C91BC942}") = "Observer", "Observer\Observer.vcxproj", "{EC7C02EE-1DDD-4CC4-AE8D-B800097BA540}"
EndProject
Global
	GlobalSection(SolutionConfigurationPlatforms) = preSolution
		Debug|x64 = Debug|x64
		Debug|x86 = Debug|x86
		Release|x64 = Release|x64
		Release|x86 = Release|x86
	EndGlobalSection
	GlobalSection(ProjectConfigurationPlatforms) = postSolution
		{BB9FA86E-800A-4241-AADA-077D708F1746}.Debug|x64.ActiveCfg = Debug|x64
		{BB9FA86E-800A-4241-AADA-077D708F1746}.Debug|x64.Build.0 = Debug|x64
		{BB9FA86E-800A-4241-AADA-077D708F1746}.Debug|x86.ActiveCfg = Debug|Win32
		{BB9FA86E-800A-4241-AADA-077D708F1746}.Debug|x86.Build.0 = Debug|Win32
		{BB9FA86E-800A-4241-AADA-077D708F1746}.Release|x64.ActiveCfg = Release|x64
		{BB9FA86E-800A-4241-AADA-077D708F1746}.Release|x64.Build.0 = Release|x64
		{BB9FA86E-800A-4241-AADA-077D708F1746}.Release|x86.ActiveCfg = Release|Win32
		{BB9FA86E-800A-4241-AADA-077D708F1746}.Release|x86.Build.0 = Release|Win32
		{03823FFD-CCA2-462F-B282-9D35AF4F8A56}.Debug|x64.ActiveCfg = Debug|x64
		{03823FFD-CCA2-462F-B282-9D35AF4F8A56}.Debug|x64.Build.0 = Debug|x64
		{03823FFD-CCA2-462F-B282-9D35AF4F8A56}.Debug|x86.ActiveCfg = Debug|Win32
		{03823FFD-CCA2-462F-B282-9D35AF4F8A56}.Debug|x86.Build.0 = Debug|Win32
		{03823FFD-CCA2-462F-B282-9D35AF4F8A56}.Release|x64.ActiveCfg = Release|x64
		{03823FFD-CCA2-462F-B282-9D35AF4F8A56}.Release|x64.Build.0 = Release|x64
		{03823FFD-CCA2-462F-B282-9D35AF4F8A56}.Release|x86.ActiveCfg = Release|Win32
		{03823FFD-CCA2-462F-B282-9D35AF4F8A56}.Release|x86.Build.0 = Release|Win32
		{2EB8E797-6EE6-4970-AE72-6ECD7B12D2C7}.Debug|x64.ActiveCfg = Debug|x64
		{2EB8E797-6EE6-4970-AE72-6ECD7B12D2C7}.Debug|x64.Build.0 = Debug|x64
		{2EB8E797-6EE6-4970-AE72-6ECD7B12D2C7}.Debug|x86.ActiveCfg = Debug|Win32
		{2EB8E797-6EE6-4970-AE72-6ECD7B12D2C7}.Debug|x86.Build.0 = Debug|Win32
		{2EB8E797-6EE6-4970-AE72-6ECD7B12D2C7}.Release|x64.ActiveCfg = Release|x64
		{2EB8E797-6EE6-4970-AE72-6ECD7B12D2C7}.Release|x64.Build.0 = Release|x64
		{2EB8E797-6EE6-4970-AE72-6ECD7B12D2C7}.Release|x86.ActiveCfg = Release|Win32
		{2EB8E797-6EE6-4970-AE72-6ECD7B12D2C7}.Release|x86.Build.0 = Release|Win32
		{2E015376-2EA4-4DF4-BE6A-4AD8D3989FC8}.Debug|x64.ActiveCfg = Debug|x64
		{2E015376-2EA4-4DF4-BE6A-4AD8D3989FC8}.Debug|x64.Build.0 = Debug|x64
		{2E015376-2EA4-4DF4-BE6A-4AD8D3989FC8}.Debug|x86.ActiveCfg = Debug|Win32
		{2E015376-2EA4-4DF4-BE6A-4AD8D3989FC8}.Debug|x86.Build.0 = Debug|Win32
		{2E015376-2EA4-4DF4-BE6A-4AD8D3989FC8}.Release|x64.ActiveCfg = Release|x64
		{2E015376-2EA4-4DF4-BE6A-4AD8D3989FC8}.Release|x64.Build.0 = Release|x64
		{2E015376-2EA4-4DF4-BE6A-4AD8D3989FC8}.Release|x86.ActiveCfg = Release|Win32
		{2E015376-2EA4-4DF4-BE6A-4AD8D3989FC8}.Release|x86.Build.0 = Release|Win32
		{EC7C02EE-1DDD-4CC4-AE8D-B800097BA540}.Debug|x64.ActiveCfg = Debug|x64
		{EC7C02EE-1DDD-4CC4-AE8D-B800097BA540}.Debug|x64.Build.0 = Debug|x64
		{EC7C02EE-1DDD-4CC4-AE8D-B800097BA540}.Debug|x86.ActiveCfg = Debug|Win32
		{EC7C02EE-1DDD-4CC4-AE8D-B800097BA540}.Debug|x86.Build.0 = Debug|Win32
		{EC7C02EE-1DDD-4CC4-AE8D-B800097BA540}.Release|x64.ActiveCfg = Release|x64
		{EC7C02EE-1DDD-4CC4-AE8D-B800097BA540}.Release|x64.Build.0 = Release|x64
		{EC7C02EE-1DDD-4CC4-AE8D-B800097BA540}.Release|x86.ActiveCfg = Release|Win32
		{EC7C02EE-1DDD-4CC4-AE8D-B800097BA540}.Release|x86.Build.0 = Release|Win32
	EndGlobalSection
	GlobalSection(SolutionProperties) = preSolution
		HideSolutionNode = FALSE
	EndGlobalSection
	GlobalSection(ExtensibilityGlobals) = postSolution
		SolutionGuid = {43E109A6-E3C8-4F91-BAE5-8CE58CE3844C}
	EndGlobalSection
EndGlobal
