
Microsoft Visual Studio Solution File, Format Version 12.00
# Visual Studio Version 16
VisualStudioVersion = 16.0.30204.135
MinimumVisualStudioVersion = 10.0.40219.1
Project("{8BC9CEB8-8B4A-11D0-8D11-00A0C91BC942}") = "TcpClient", "TcpClient\TcpClient.vcxproj", "{98FAA01C-1AD9-41FF-B3E5-3EDB2B6BB2A2}"
EndProject
Project("{8BC9CEB8-8B4A-11D0-8D11-00A0C91BC942}") = "Stop", "Stop\Stop.vcxproj", "{AE06F1D7-5BBB-433C-A026-A7943FF307B6}"
EndProject
Project("{8BC9CEB8-8B4A-11D0-8D11-00A0C91BC942}") = "TcpServer", "TcpServer\TcpServer.vcxproj", "{779F05EE-6FBD-4434-8488-FC78B60C3C62}"
EndProject
Global
	GlobalSection(SolutionConfigurationPlatforms) = preSolution
		Debug|x64 = Debug|x64
		Debug|x86 = Debug|x86
		Release|x64 = Release|x64
		Release|x86 = Release|x86
	EndGlobalSection
	GlobalSection(ProjectConfigurationPlatforms) = postSolution
		{98FAA01C-1AD9-41FF-B3E5-3EDB2B6BB2A2}.Debug|x64.ActiveCfg = Debug|x64
		{98FAA01C-1AD9-41FF-B3E5-3EDB2B6BB2A2}.Debug|x64.Build.0 = Debug|x64
		{98FAA01C-1AD9-41FF-B3E5-3EDB2B6BB2A2}.Debug|x86.ActiveCfg = Debug|Win32
		{98FAA01C-1AD9-41FF-B3E5-3EDB2B6BB2A2}.Debug|x86.Build.0 = Debug|Win32
		{98FAA01C-1AD9-41FF-B3E5-3EDB2B6BB2A2}.Release|x64.ActiveCfg = Release|x64
		{98FAA01C-1AD9-41FF-B3E5-3EDB2B6BB2A2}.Release|x64.Build.0 = Release|x64
		{98FAA01C-1AD9-41FF-B3E5-3EDB2B6BB2A2}.Release|x86.ActiveCfg = Release|Win32
		{98FAA01C-1AD9-41FF-B3E5-3EDB2B6BB2A2}.Release|x86.Build.0 = Release|Win32
		{AE06F1D7-5BBB-433C-A026-A7943FF307B6}.Debug|x64.ActiveCfg = Debug|x64
		{AE06F1D7-5BBB-433C-A026-A7943FF307B6}.Debug|x64.Build.0 = Debug|x64
		{AE06F1D7-5BBB-433C-A026-A7943FF307B6}.Debug|x86.ActiveCfg = Debug|Win32
		{AE06F1D7-5BBB-433C-A026-A7943FF307B6}.Debug|x86.Build.0 = Debug|Win32
		{AE06F1D7-5BBB-433C-A026-A7943FF307B6}.Release|x64.ActiveCfg = Release|x64
		{AE06F1D7-5BBB-433C-A026-A7943FF307B6}.Release|x64.Build.0 = Release|x64
		{AE06F1D7-5BBB-433C-A026-A7943FF307B6}.Release|x86.ActiveCfg = Release|Win32
		{AE06F1D7-5BBB-433C-A026-A7943FF307B6}.Release|x86.Build.0 = Release|Win32
		{779F05EE-6FBD-4434-8488-FC78B60C3C62}.Debug|x64.ActiveCfg = Debug|x64
		{779F05EE-6FBD-4434-8488-FC78B60C3C62}.Debug|x64.Build.0 = Debug|x64
		{779F05EE-6FBD-4434-8488-FC78B60C3C62}.Debug|x86.ActiveCfg = Debug|Win32
		{779F05EE-6FBD-4434-8488-FC78B60C3C62}.Debug|x86.Build.0 = Debug|Win32
		{779F05EE-6FBD-4434-8488-FC78B60C3C62}.Release|x64.ActiveCfg = Release|x64
		{779F05EE-6FBD-4434-8488-FC78B60C3C62}.Release|x64.Build.0 = Release|x64
		{779F05EE-6FBD-4434-8488-FC78B60C3C62}.Release|x86.ActiveCfg = Release|Win32
		{779F05EE-6FBD-4434-8488-FC78B60C3C62}.Release|x86.Build.0 = Release|Win32
	EndGlobalSection
	GlobalSection(SolutionProperties) = preSolution
		HideSolutionNode = FALSE
	EndGlobalSection
	GlobalSection(ExtensibilityGlobals) = postSolution
		SolutionGuid = {E6C8136D-4AF5-4990-AE8F-4E643B62523B}
	EndGlobalSection
EndGlobal
